
Microsoft Visual Studio Solution File, Format Version 12.00
# Visual Studio Version 17
VisualStudioVersion = 17.0.32014.148
MinimumVisualStudioVersion = 10.0.40219.1
Project("{9A19103F-16F7-4668-BE54-9A1E7A4F7556}") = "WebAdvert.Api", "WebAdvert.Api.csproj", "{ADFFADA1-5026-4BA0-ADFB-60A1C7E6F702}"
EndProject
Global
	GlobalSection(SolutionConfigurationPlatforms) = preSolution
		Debug|Any CPU = Debug|Any CPU
		Release|Any CPU = Release|Any CPU
	EndGlobalSection
	GlobalSection(ProjectConfigurationPlatforms) = postSolution
		{ADFFADA1-5026-4BA0-ADFB-60A1C7E6F702}.Debug|Any CPU.ActiveCfg = Debug|Any CPU
		{ADFFADA1-5026-4BA0-ADFB-60A1C7E6F702}.Debug|Any CPU.Build.0 = Debug|Any CPU
		{ADFFADA1-5026-4BA0-ADFB-60A1C7E6F702}.Release|Any CPU.ActiveCfg = Release|Any CPU
		{ADFFADA1-5026-4BA0-ADFB-60A1C7E6F702}.Release|Any CPU.Build.0 = Release|Any CPU
	EndGlobalSection
	GlobalSection(SolutionProperties) = preSolution
		HideSolutionNode = FALSE
	EndGlobalSection
	GlobalSection(ExtensibilityGlobals) = postSolution
		SolutionGuid = {2DA0C23C-749E-45A9-ADA0-192A9B3BE2E8}
	EndGlobalSection
EndGlobal
